{
    "name": "vetkd-devkit",
    "lockfileVersion": 3,
    "requires": true,
    "packages": {
        "": {
            "workspaces": [
                "cdk/utils/pkg"
            ]
        },
        "cdk/utils/pkg": {
            "name": "ic-vetkd-cdk-utils",
            "version": "0.1.0"
        },
        "node_modules/ic-vetkd-cdk-utils": {
            "resolved": "cdk/utils/pkg",
            "link": true
        }
    }
}
